<?xml version="1.0" encoding="utf-8"?>
<Project ToolsVersion="4.0" xmlns="http://schemas.microsoft.com/developer/msbuild/2003">
  <ItemGroup>
    <Filter Include="Source Files">
      <UniqueIdentifier>{4FC737F1-C7A5-4376-A066-2A32D752A2FF}</UniqueIdentifier>
      <Extensions>cpp;c;cc;cxx;def;odl;idl;hpj;bat;asm;asmx</Extensions>
    </Filter>
    <Filter Include="Header Files">
      <UniqueIdentifier>{93995380-89BD-4b04-88EB-625FBE52EBFB}</UniqueIdentifier>
      <Extensions>h;hpp;hxx;hm;inl;inc;xsd</Extensions>
    </Filter>
    <Filter Include="Resource Files">
      <UniqueIdentifier>{67DA6AB6-F800-4c08-8B7A-83BB121AAD01}</UniqueIdentifier>
      <Extensions>rc;ico;cur;bmp;dlg;rc2;rct;bin;rgs;gif;jpg;jpeg;jpe;resx;tiff;tif;png;wav;mfcribbon-ms</Extensions>
    </Filter>
  </ItemGroup>
  <ItemGroup>
    <ClCompile Include="$(SrcPath)AstSig.cpp">
      <Filter>Source Files</Filter>
    </ClCompile>
    <ClCompile Include="$(SrcPath)WndDlg.cpp">
      <Filter>Source Files</Filter>
    </ClCompile>
    <ClCompile Include="$(SrcPath)audstr.cpp">
      <Filter>Source Files</Filter>
    </ClCompile>
    <ClCompile Include="$(SrcPath)AuxFunc.cpp">
      <Filter>Source Files</Filter>
    </ClCompile>
    <ClCompile Include="$(SrcPath)calbase.cpp">
      <Filter>Source Files</Filter>
    </ClCompile>
    <ClCompile Include="$(SrcPath)csignals.cpp">
      <Filter>Source Files</Filter>
    </ClCompile>
    <ClCompile Include="$(SrcPath)CSigProcDlg.cpp">
      <Filter>Source Files</Filter>
    </ClCompile>
    <ClCompile Include="$(SrcPath)eqsig.cpp">
      <Filter>Source Files</Filter>
    </ClCompile>
    <ClCompile Include="$(SrcPath)internals.cpp">
      <Filter>Source Files</Filter>
    </ClCompile>
    <ClCompile Include="$(SrcPath)lineparser.cpp">
      <Filter>Source Files</Filter>
    </ClCompile>
    <ClCompile Include="$(SrcPath)matOperations.cpp">
      <Filter>Source Files</Filter>
    </ClCompile>
    <ClCompile Include="$(SrcPath)psycon.tab.c">
      <Filter>Source Files</Filter>
    </ClCompile>
    <ClCompile Include="$(SrcPath)psycon.yy.c">
      <Filter>Source Files</Filter>
    </ClCompile>
    <ClCompile Include="$(SrcPath)remez.cpp">
      <Filter>Source Files</Filter>
    </ClCompile>
    <ClCompile Include="$(SrcPath)sig_wav_misc.cpp">
      <Filter>Source Files</Filter>
    </ClCompile>
    <ClCompile Include="$(SrcPath)StdAfx.cpp">
      <Filter>Source Files</Filter>
    </ClCompile>
    <ClCompile Include="$(SrcPath)waves.cpp">
      <Filter>Source Files</Filter>
    </ClCompile>
  </ItemGroup>
  <ItemGroup>
    <ClInclude Include="$(SrcPath)calbase.h">
      <Filter>Header Files</Filter>
    </ClInclude>
    <ClInclude Include="$(SrcPath)WndDlg.h">
      <Filter>Header Files</Filter>
    </ClInclude>
    <ClInclude Include="$(SrcPath)cipsycon.tab.h">
      <Filter>Header Files</Filter>
    </ClInclude>
    <ClInclude Include="$(SrcPath)csignals.h">
      <Filter>Header Files</Filter>
    </ClInclude>
    <ClInclude Include="$(SrcPath)EqSig.h">
      <Filter>Header Files</Filter>
    </ClInclude>
    <ClInclude Include="$(SrcPath)msgcrack.h">
      <Filter>Header Files</Filter>
    </ClInclude>
    <ClInclude Include="$(SrcPath)psycon.tab.h">
      <Filter>Header Files</Filter>
    </ClInclude>
    <ClInclude Include="$(SrcPath)psycon.yacc.h">
      <Filter>Header Files</Filter>
    </ClInclude>
    <ClInclude Include="$(SrcPath)resource.h">
      <Filter>Header Files</Filter>
    </ClInclude>
    <ClInclude Include="$(SrcPath)samplerate.h">
      <Filter>Header Files</Filter>
    </ClInclude>
    <ClInclude Include="$(SrcPath)sigplus_internal.h">
      <Filter>Header Files</Filter>
    </ClInclude>
    <ClInclude Include="$(SrcPath)sigproc.h">
      <Filter>Header Files</Filter>
    </ClInclude>
    <ClInclude Include="$(SrcPath)sigprocdlg.h">
      <Filter>Header Files</Filter>
    </ClInclude>
    <ClInclude Include="$(SrcPath)StdAfx.h">
      <Filter>Header Files</Filter>
    </ClInclude>
  </ItemGroup>
  <ItemGroup>
    <ResourceCompile Include="$(SrcPath)sigproc.rc">
      <Filter>Resource Files</Filter>
    </ResourceCompile>
  </ItemGroup>
</Project>