
Microsoft Visual Studio Solution File, Format Version 9.00
# Visual Studio 2005
Project("{8BC9CEB8-8B4A-11D0-8D11-00A0C91BC942}") = "TS", "TS.vcproj", "{FF5AB8FD-2BBA-4A39-9CB0-FEC38B11077C}"
EndProject
Global
	GlobalSection(SolutionConfigurationPlatforms) = preSolution
		Debug|Win32 = Debug|Win32
		Release|Win32 = Release|Win32
	EndGlobalSection
	GlobalSection(ProjectConfigurationPlatforms) = postSolution
		{FF5AB8FD-2BBA-4A39-9CB0-FEC38B11077C}.Debug|Win32.ActiveCfg = Debug|Win32
		{FF5AB8FD-2BBA-4A39-9CB0-FEC38B11077C}.Debug|Win32.Build.0 = Debug|Win32
		{FF5AB8FD-2BBA-4A39-9CB0-FEC38B11077C}.Release|Win32.ActiveCfg = Release|Win32
		{FF5AB8FD-2BBA-4A39-9CB0-FEC38B11077C}.Release|Win32.Build.0 = Release|Win32
	EndGlobalSection
	GlobalSection(SolutionProperties) = preSolution
		HideSolutionNode = FALSE
	EndGlobalSection
EndGlobal
