<?xml version="1.0" encoding="utf-8"?>
<Project ToolsVersion="4.0" xmlns="http://schemas.microsoft.com/developer/msbuild/2003">
  <ItemGroup>
    <Filter Include="Source Files">
      <UniqueIdentifier>{876cfec1-99c2-4681-a9f7-58e266234959}</UniqueIdentifier>
      <Extensions>cpp;c;cxx;rc;def;r;odl;idl;hpj;bat</Extensions>
    </Filter>
    <Filter Include="Header Files">
      <UniqueIdentifier>{a4acba10-0877-4089-a55c-c97a00681d3c}</UniqueIdentifier>
      <Extensions>h;hpp;hxx;hm;inl</Extensions>
    </Filter>
    <Filter Include="Resource Files">
      <UniqueIdentifier>{7768b53c-2572-4a87-8005-797304aeed8e}</UniqueIdentifier>
      <Extensions>ico;cur;bmp;dlg;rc2;rct;bin;rgs;gif;jpg;jpeg;jpe</Extensions>
    </Filter>
  </ItemGroup>
  <ItemGroup>
    <ClCompile Include="$(SrcPath)Adaptive.cpp">
      <Filter>Source Files</Filter>
    </ClCompile>
    <ClCompile Include="$(SrcPath)AdaptiveDlg.cpp">
      <Filter>Source Files</Filter>
    </ClCompile>
    <ClCompile Include="$(SrcPath)audstr.cpp">
      <Filter>Source Files</Filter>
    </ClCompile>
    <ClCompile Include="$(SrcPath)ConstantStim.cpp">
      <Filter>Source Files</Filter>
    </ClCompile>
    <ClCompile Include="$(SrcPath)EditPlus.cpp">
      <Filter>Source Files</Filter>
    </ClCompile>
    <ClCompile Include="$(SrcPath)FIFO.cpp">
      <Filter>Source Files</Filter>
    </ClCompile>
    <ClCompile Include="$(SrcPath)LogReport.cpp">
      <Filter>Source Files</Filter>
    </ClCompile>
    <ClCompile Include="$(SrcPath)NIC2.cpp">
      <Filter>Source Files</Filter>
    </ClCompile>
    <ClCompile Include="$(SrcPath)psynteg.cpp">
      <Filter>Source Files</Filter>
    </ClCompile>
    <ClCompile Include="$(SrcPath)psyntegDlg.cpp">
      <Filter>Source Files</Filter>
    </ClCompile>
    <ClCompile Include="$(SrcPath)psyntegDlgNIC.cpp">
      <Filter>Source Files</Filter>
    </ClCompile>
    <ClCompile Include="$(SrcPath)SetProcessorDlg.cpp">
      <Filter>Source Files</Filter>
    </ClCompile>
    <ClCompile Include="$(SrcPath)Settings.cpp">
      <Filter>Source Files</Filter>
    </ClCompile>
    <ClCompile Include="$(SrcPath)SliderAdj.cpp">
      <Filter>Source Files</Filter>
    </ClCompile>
    <ClCompile Include="$(SrcPath)StdAfx.cpp">
      <Filter>Source Files</Filter>
    </ClCompile>
    <ClCompile Include="$(SrcPath)supportFunctions.cpp">
      <Filter>Source Files</Filter>
    </ClCompile>
    <ClCompile Include="$(SrcPath)Tabber.cpp">
      <Filter>Source Files</Filter>
    </ClCompile>
  </ItemGroup>
  <ItemGroup>
    <ResourceCompile Include="$(SrcPath)psynteg.rc">
      <Filter>Source Files</Filter>
    </ResourceCompile>
  </ItemGroup>
  <ItemGroup>
    <ClInclude Include="$(SrcPath)Adaptive.h">
      <Filter>Header Files</Filter>
    </ClInclude>
    <ClInclude Include="$(SrcPath)AdaptiveDlg.h">
      <Filter>Header Files</Filter>
    </ClInclude>
    <ClInclude Include="$(SrcPath)ConstantStim.h">
      <Filter>Header Files</Filter>
    </ClInclude>
    <ClInclude Include="$(SrcPath)EditPlus.h">
      <Filter>Header Files</Filter>
    </ClInclude>
    <ClInclude Include="$(SrcPath)FIFO.h">
      <Filter>Header Files</Filter>
    </ClInclude>
    <ClInclude Include="$(SrcPath)LogReport.h">
      <Filter>Header Files</Filter>
    </ClInclude>
    <ClInclude Include="..\common\include\psycon.yacc.h">
      <Filter>Header Files</Filter>
    </ClInclude>
    <ClInclude Include="$(SrcPath)psynteg.h">
      <Filter>Header Files</Filter>
    </ClInclude>
    <ClInclude Include="$(SrcPath)psyntegDlg.h">
      <Filter>Header Files</Filter>
    </ClInclude>
    <ClInclude Include="..\aceset\aceplayer\resource.h">
      <Filter>Header Files</Filter>
    </ClInclude>
    <ClInclude Include="$(SrcPath)Resource.h">
      <Filter>Header Files</Filter>
    </ClInclude>
    <ClInclude Include="$(SrcPath)SetProcessorDlg.h">
      <Filter>Header Files</Filter>
    </ClInclude>
    <ClInclude Include="$(SrcPath)Settings.h">
      <Filter>Header Files</Filter>
    </ClInclude>
    <ClInclude Include="..\common\include\sigproc.h">
      <Filter>Header Files</Filter>
    </ClInclude>
    <ClInclude Include="$(SrcPath)SliderAdj.h">
      <Filter>Header Files</Filter>
    </ClInclude>
    <ClInclude Include="$(SrcPath)StdAfx.h">
      <Filter>Header Files</Filter>
    </ClInclude>
    <ClInclude Include="$(SrcPath)supportFunctions.h">
      <Filter>Header Files</Filter>
    </ClInclude>
    <ClInclude Include="$(SrcPath)Tabber.h">
      <Filter>Header Files</Filter>
    </ClInclude>
  </ItemGroup>
  <ItemGroup>
    <None Include="res\psynteg.ico">
      <Filter>Resource Files</Filter>
    </None>
    <None Include="res\psynteg.rc2">
      <Filter>Resource Files</Filter>
    </None>
    <None Include="$(SrcPath)ReadMe.txt" />
  </ItemGroup>
</Project>