<?xml version="1.0" encoding="utf-8"?>
<Project ToolsVersion="4.0" xmlns="http://schemas.microsoft.com/developer/msbuild/2003">
  <ItemGroup>
    <Filter Include="Source Files">
      <UniqueIdentifier>{4FC737F1-C7A5-4376-A066-2A32D752A2FF}</UniqueIdentifier>
      <Extensions>cpp;c;cc;cxx;def;odl;idl;hpj;bat;asm;asmx</Extensions>
    </Filter>
    <Filter Include="Header Files">
      <UniqueIdentifier>{93995380-89BD-4b04-88EB-625FBE52EBFB}</UniqueIdentifier>
      <Extensions>h;hpp;hxx;hm;inl;inc;xsd</Extensions>
    </Filter>
    <Filter Include="Resource Files">
      <UniqueIdentifier>{67DA6AB6-F800-4c08-8B7A-83BB121AAD01}</UniqueIdentifier>
      <Extensions>rc;ico;cur;bmp;dlg;rc2;rct;bin;rgs;gif;jpg;jpeg;jpe;resx;tiff;tif;png;wav;mfcribbon-ms</Extensions>
    </Filter>
  </ItemGroup>
  <ItemGroup>
    <ClCompile Include="$(SrcPath)audstr.cpp">
      <Filter>Source Files</Filter>
    </ClCompile>
    <ClCompile Include="$(SrcPath)batch.cpp">
      <Filter>Source Files</Filter>
    </ClCompile>
    <ClCompile Include="$(SrcPath)CSession.cpp">
      <Filter>Source Files</Filter>
    </ClCompile>
    <ClCompile Include="$(SrcPath)Display.cpp">
      <Filter>Source Files</Filter>
    </ClCompile>
    <ClCompile Include="$(SrcPath)echo.cpp">
      <Filter>Source Files</Filter>
    </ClCompile>
    <ClCompile Include="$(SrcPath)EchoMainWndOnCommand.cpp">
      <Filter>Source Files</Filter>
    </ClCompile>
    <ClCompile Include="$(SrcPath)fileIO.cpp">
      <Filter>Source Files</Filter>
    </ClCompile>
    <ClCompile Include="$(SrcPath)getpath.cpp">
      <Filter>Source Files</Filter>
    </ClCompile>
    <ClCompile Include="$(SrcPath)LogReport.cpp">
      <Filter>Source Files</Filter>
    </ClCompile>
    <ClCompile Include="$(SrcPath)OtherFunctions.cpp">
      <Filter>Source Files</Filter>
    </ClCompile>
    <ClCompile Include="$(SrcPath)playStim.cpp">
      <Filter>Source Files</Filter>
    </ClCompile>
    <ClCompile Include="$(SrcPath)pop.cpp">
      <Filter>Source Files</Filter>
    </ClCompile>
    <ClCompile Include="$(SrcPath)procNameRule.cpp">
      <Filter>Source Files</Filter>
    </ClCompile>
    <ClCompile Include="$(SrcPath)ResultWnd.cpp">
      <Filter>Source Files</Filter>
    </ClCompile>
    <ClCompile Include="$(SrcPath)sessionScreen.cpp">
      <Filter>Source Files</Filter>
    </ClCompile>
    <ClCompile Include="$(SrcPath)Settings.cpp">
      <Filter>Source Files</Filter>
    </ClCompile>
    <ClCompile Include="$(SrcPath)StdAfx.cpp">
      <Filter>Source Files</Filter>
    </ClCompile>
    <ClCompile Include="$(SrcPath)thread4pipe.cpp">
      <Filter>Source Files</Filter>
    </ClCompile>
    <ClCompile Include="$(SrcPath)timeStamp.cpp">
      <Filter>Source Files</Filter>
    </ClCompile>
    <ClCompile Include="$(SrcPath)WndDlg.cpp">
      <Filter>Source Files</Filter>
    </ClCompile>
    <ClCompile Include="$(SrcPath)EchoMainWnd.cpp">
      <Filter>Source Files</Filter>
    </ClCompile>
    <ClCompile Include="$(SrcPath)feature.cpp">
      <Filter>Source Files</Filter>
    </ClCompile>
    <ClCompile Include="$(SrcPath)multiProc.cpp">
      <Filter>Source Files</Filter>
    </ClCompile>
  </ItemGroup>
  <ItemGroup>
    <ClInclude Include="$(SrcPath)batch.h">
      <Filter>Header Files</Filter>
    </ClInclude>
    <ClInclude Include="$(SrcPath)CSession.h">
      <Filter>Header Files</Filter>
    </ClInclude>
    <ClInclude Include="$(SrcPath)Echo.h">
      <Filter>Header Files</Filter>
    </ClInclude>
    <ClInclude Include="$(SrcPath)EchoMainWnd.h">
      <Filter>Header Files</Filter>
    </ClInclude>
    <ClInclude Include="$(SrcPath)fer.h">
      <Filter>Header Files</Filter>
    </ClInclude>
    <ClInclude Include="$(SrcPath)LogReport.h">
      <Filter>Header Files</Filter>
    </ClInclude>
    <ClInclude Include="$(SrcPath)msgCrack.h">
      <Filter>Header Files</Filter>
    </ClInclude>
    <ClInclude Include="$(SrcPath)multiProc.h">
      <Filter>Header Files</Filter>
    </ClInclude>
    <ClInclude Include="$(SrcPath)OtherFunctions.h">
      <Filter>Header Files</Filter>
    </ClInclude>
    <ClInclude Include="$(SrcPath)pipeCommunication.h">
      <Filter>Header Files</Filter>
    </ClInclude>
    <ClInclude Include="$(SrcPath)protocol.h">
      <Filter>Header Files</Filter>
    </ClInclude>
    <ClInclude Include="$(SrcPath)resource.h">
      <Filter>Header Files</Filter>
    </ClInclude>
    <ClInclude Include="$(SrcPath)ResultWnd.h">
      <Filter>Header Files</Filter>
    </ClInclude>
    <ClInclude Include="$(SrcPath)Settings.h">
      <Filter>Header Files</Filter>
    </ClInclude>
    <ClInclude Include="$(SrcPath)StdAfx.h">
      <Filter>Header Files</Filter>
    </ClInclude>
    <ClInclude Include="$(SrcPath)WndDlg.h">
      <Filter>Header Files</Filter>
    </ClInclude>
  </ItemGroup>
  <ItemGroup>
    <ResourceCompile Include="$(SrcPath)Echo.rc">
      <Filter>Resource Files</Filter>
    </ResourceCompile>
    <ResourceCompile Include="$(SrcPath)Wendy.ico">
      <Filter>Resource Files</Filter>
    </ResourceCompile>
  </ItemGroup>
  <ItemGroup>
    <None Include="..\..\Documents and Settings\bj\My Documents\Dropbox\dev\Echo\bin242.bin">
      <Filter>Resource Files</Filter>
    </None>
  </ItemGroup>
</Project>