<?xml version="1.0" encoding="utf-8"?>
<Project ToolsVersion="4.0" xmlns="http://schemas.microsoft.com/developer/msbuild/2003">
  <ItemGroup>
    <Filter Include="Source Files">
      <UniqueIdentifier>{c52fa3b5-4a58-43ac-a521-51d47e9419bd}</UniqueIdentifier>
    </Filter>
    <Filter Include="Header Files">
      <UniqueIdentifier>{f6c86688-cc80-4913-8519-ae263fa9b285}</UniqueIdentifier>
    </Filter>
    <Filter Include="Resource Files">
      <UniqueIdentifier>{743a7cdf-95e0-4293-91a7-c6b5e48c7b87}</UniqueIdentifier>
    </Filter>
  </ItemGroup>
  <ItemGroup>
    <ClCompile Include="$(SrcPath)amigaos.c">
      <Filter>Source Files</Filter>
    </ClCompile>
    <ClCompile Include="$(SrcPath)asyn-ares.c">
      <Filter>Source Files</Filter>
    </ClCompile>
    <ClCompile Include="$(SrcPath)asyn-thread.c">
      <Filter>Source Files</Filter>
    </ClCompile>
    <ClCompile Include="$(SrcPath)base64.c">
      <Filter>Source Files</Filter>
    </ClCompile>
    <ClCompile Include="$(SrcPath)bundles.c">
      <Filter>Source Files</Filter>
    </ClCompile>
    <ClCompile Include="$(SrcPath)conncache.c">
      <Filter>Source Files</Filter>
    </ClCompile>
    <ClCompile Include="$(SrcPath)connect.c">
      <Filter>Source Files</Filter>
    </ClCompile>
    <ClCompile Include="$(SrcPath)content_encoding.c">
      <Filter>Source Files</Filter>
    </ClCompile>
    <ClCompile Include="$(SrcPath)cookie.c">
      <Filter>Source Files</Filter>
    </ClCompile>
    <ClCompile Include="$(SrcPath)curl_addrinfo.c">
      <Filter>Source Files</Filter>
    </ClCompile>
    <ClCompile Include="$(SrcPath)curl_fnmatch.c">
      <Filter>Source Files</Filter>
    </ClCompile>
    <ClCompile Include="$(SrcPath)curl_gethostname.c">
      <Filter>Source Files</Filter>
    </ClCompile>
    <ClCompile Include="$(SrcPath)curl_gssapi.c">
      <Filter>Source Files</Filter>
    </ClCompile>
    <ClCompile Include="$(SrcPath)curl_memrchr.c">
      <Filter>Source Files</Filter>
    </ClCompile>
    <ClCompile Include="$(SrcPath)curl_multibyte.c">
      <Filter>Source Files</Filter>
    </ClCompile>
    <ClCompile Include="$(SrcPath)curl_ntlm.c">
      <Filter>Source Files</Filter>
    </ClCompile>
    <ClCompile Include="$(SrcPath)curl_ntlm_core.c">
      <Filter>Source Files</Filter>
    </ClCompile>
    <ClCompile Include="$(SrcPath)curl_ntlm_msgs.c">
      <Filter>Source Files</Filter>
    </ClCompile>
    <ClCompile Include="$(SrcPath)curl_ntlm_wb.c">
      <Filter>Source Files</Filter>
    </ClCompile>
    <ClCompile Include="$(SrcPath)curl_rtmp.c">
      <Filter>Source Files</Filter>
    </ClCompile>
    <ClCompile Include="$(SrcPath)curl_sasl.c">
      <Filter>Source Files</Filter>
    </ClCompile>
    <ClCompile Include="$(SrcPath)curl_sspi.c">
      <Filter>Source Files</Filter>
    </ClCompile>
    <ClCompile Include="$(SrcPath)curl_threads.c">
      <Filter>Source Files</Filter>
    </ClCompile>
    <ClCompile Include="$(SrcPath)dict.c">
      <Filter>Source Files</Filter>
    </ClCompile>
    <ClCompile Include="$(SrcPath)dotdot.c">
      <Filter>Source Files</Filter>
    </ClCompile>
    <ClCompile Include="$(SrcPath)easy.c">
      <Filter>Source Files</Filter>
    </ClCompile>
    <ClCompile Include="$(SrcPath)escape.c">
      <Filter>Source Files</Filter>
    </ClCompile>
    <ClCompile Include="$(SrcPath)file.c">
      <Filter>Source Files</Filter>
    </ClCompile>
    <ClCompile Include="$(SrcPath)fileinfo.c">
      <Filter>Source Files</Filter>
    </ClCompile>
    <ClCompile Include="$(SrcPath)formdata.c">
      <Filter>Source Files</Filter>
    </ClCompile>
    <ClCompile Include="$(SrcPath)ftp.c">
      <Filter>Source Files</Filter>
    </ClCompile>
    <ClCompile Include="$(SrcPath)ftplistparser.c">
      <Filter>Source Files</Filter>
    </ClCompile>
    <ClCompile Include="$(SrcPath)getenv.c">
      <Filter>Source Files</Filter>
    </ClCompile>
    <ClCompile Include="$(SrcPath)getinfo.c">
      <Filter>Source Files</Filter>
    </ClCompile>
    <ClCompile Include="$(SrcPath)gopher.c">
      <Filter>Source Files</Filter>
    </ClCompile>
    <ClCompile Include="$(SrcPath)hash.c">
      <Filter>Source Files</Filter>
    </ClCompile>
    <ClCompile Include="$(SrcPath)hmac.c">
      <Filter>Source Files</Filter>
    </ClCompile>
    <ClCompile Include="$(SrcPath)hostasyn.c">
      <Filter>Source Files</Filter>
    </ClCompile>
    <ClCompile Include="$(SrcPath)hostcheck.c">
      <Filter>Source Files</Filter>
    </ClCompile>
    <ClCompile Include="$(SrcPath)hostip4.c">
      <Filter>Source Files</Filter>
    </ClCompile>
    <ClCompile Include="$(SrcPath)hostip6.c">
      <Filter>Source Files</Filter>
    </ClCompile>
    <ClCompile Include="$(SrcPath)hostip.c">
      <Filter>Source Files</Filter>
    </ClCompile>
    <ClCompile Include="$(SrcPath)hostsyn.c">
      <Filter>Source Files</Filter>
    </ClCompile>
    <ClCompile Include="$(SrcPath)http2.c">
      <Filter>Source Files</Filter>
    </ClCompile>
    <ClCompile Include="$(SrcPath)http.c">
      <Filter>Source Files</Filter>
    </ClCompile>
    <ClCompile Include="$(SrcPath)http_chunks.c">
      <Filter>Source Files</Filter>
    </ClCompile>
    <ClCompile Include="$(SrcPath)http_digest.c">
      <Filter>Source Files</Filter>
    </ClCompile>
    <ClCompile Include="$(SrcPath)http_negotiate.c">
      <Filter>Source Files</Filter>
    </ClCompile>
    <ClCompile Include="$(SrcPath)http_negotiate_sspi.c">
      <Filter>Source Files</Filter>
    </ClCompile>
    <ClCompile Include="$(SrcPath)http_proxy.c">
      <Filter>Source Files</Filter>
    </ClCompile>
    <ClCompile Include="$(SrcPath)idn_win32.c">
      <Filter>Source Files</Filter>
    </ClCompile>
    <ClCompile Include="$(SrcPath)if2ip.c">
      <Filter>Source Files</Filter>
    </ClCompile>
    <ClCompile Include="$(SrcPath)imap.c">
      <Filter>Source Files</Filter>
    </ClCompile>
    <ClCompile Include="$(SrcPath)inet_ntop.c">
      <Filter>Source Files</Filter>
    </ClCompile>
    <ClCompile Include="$(SrcPath)inet_pton.c">
      <Filter>Source Files</Filter>
    </ClCompile>
    <ClCompile Include="$(SrcPath)krb5.c">
      <Filter>Source Files</Filter>
    </ClCompile>
    <ClCompile Include="$(SrcPath)ldap.c">
      <Filter>Source Files</Filter>
    </ClCompile>
    <ClCompile Include="$(SrcPath)llist.c">
      <Filter>Source Files</Filter>
    </ClCompile>
    <ClCompile Include="$(SrcPath)md4.c">
      <Filter>Source Files</Filter>
    </ClCompile>
    <ClCompile Include="$(SrcPath)md5.c">
      <Filter>Source Files</Filter>
    </ClCompile>
    <ClCompile Include="$(SrcPath)memdebug.c">
      <Filter>Source Files</Filter>
    </ClCompile>
    <ClCompile Include="$(SrcPath)mprintf.c">
      <Filter>Source Files</Filter>
    </ClCompile>
    <ClCompile Include="$(SrcPath)multi.c">
      <Filter>Source Files</Filter>
    </ClCompile>
    <ClCompile Include="$(SrcPath)netrc.c">
      <Filter>Source Files</Filter>
    </ClCompile>
    <ClCompile Include="$(SrcPath)non-ascii.c">
      <Filter>Source Files</Filter>
    </ClCompile>
    <ClCompile Include="$(SrcPath)nonblock.c">
      <Filter>Source Files</Filter>
    </ClCompile>
    <ClCompile Include="$(SrcPath)openldap.c">
      <Filter>Source Files</Filter>
    </ClCompile>
    <ClCompile Include="$(SrcPath)parsedate.c">
      <Filter>Source Files</Filter>
    </ClCompile>
    <ClCompile Include="$(SrcPath)pingpong.c">
      <Filter>Source Files</Filter>
    </ClCompile>
    <ClCompile Include="$(SrcPath)pipeline.c">
      <Filter>Source Files</Filter>
    </ClCompile>
    <ClCompile Include="$(SrcPath)pop3.c">
      <Filter>Source Files</Filter>
    </ClCompile>
    <ClCompile Include="$(SrcPath)progress.c">
      <Filter>Source Files</Filter>
    </ClCompile>
    <ClCompile Include="$(SrcPath)rawstr.c">
      <Filter>Source Files</Filter>
    </ClCompile>
    <ClCompile Include="$(SrcPath)rtsp.c">
      <Filter>Source Files</Filter>
    </ClCompile>
    <ClCompile Include="$(SrcPath)security.c">
      <Filter>Source Files</Filter>
    </ClCompile>
    <ClCompile Include="$(SrcPath)select.c">
      <Filter>Source Files</Filter>
    </ClCompile>
    <ClCompile Include="$(SrcPath)sendf.c">
      <Filter>Source Files</Filter>
    </ClCompile>
    <ClCompile Include="$(SrcPath)share.c">
      <Filter>Source Files</Filter>
    </ClCompile>
    <ClCompile Include="$(SrcPath)slist.c">
      <Filter>Source Files</Filter>
    </ClCompile>
    <ClCompile Include="$(SrcPath)smtp.c">
      <Filter>Source Files</Filter>
    </ClCompile>
    <ClCompile Include="$(SrcPath)socks.c">
      <Filter>Source Files</Filter>
    </ClCompile>
    <ClCompile Include="$(SrcPath)socks_gssapi.c">
      <Filter>Source Files</Filter>
    </ClCompile>
    <ClCompile Include="$(SrcPath)socks_sspi.c">
      <Filter>Source Files</Filter>
    </ClCompile>
    <ClCompile Include="$(SrcPath)speedcheck.c">
      <Filter>Source Files</Filter>
    </ClCompile>
    <ClCompile Include="$(SrcPath)splay.c">
      <Filter>Source Files</Filter>
    </ClCompile>
    <ClCompile Include="$(SrcPath)ssh.c">
      <Filter>Source Files</Filter>
    </ClCompile>
    <ClCompile Include="$(SrcPath)strdup.c">
      <Filter>Source Files</Filter>
    </ClCompile>
    <ClCompile Include="$(SrcPath)strequal.c">
      <Filter>Source Files</Filter>
    </ClCompile>
    <ClCompile Include="$(SrcPath)strerror.c">
      <Filter>Source Files</Filter>
    </ClCompile>
    <ClCompile Include="$(SrcPath)strtok.c">
      <Filter>Source Files</Filter>
    </ClCompile>
    <ClCompile Include="$(SrcPath)strtoofft.c">
      <Filter>Source Files</Filter>
    </ClCompile>
    <ClCompile Include="$(SrcPath)telnet.c">
      <Filter>Source Files</Filter>
    </ClCompile>
    <ClCompile Include="$(SrcPath)tftp.c">
      <Filter>Source Files</Filter>
    </ClCompile>
    <ClCompile Include="$(SrcPath)timeval.c">
      <Filter>Source Files</Filter>
    </ClCompile>
    <ClCompile Include="$(SrcPath)transfer.c">
      <Filter>Source Files</Filter>
    </ClCompile>
    <ClCompile Include="$(SrcPath)url.c">
      <Filter>Source Files</Filter>
    </ClCompile>
    <ClCompile Include="$(SrcPath)version.c">
      <Filter>Source Files</Filter>
    </ClCompile>
    <ClCompile Include="$(SrcPath)vtls\axtls.c">
      <Filter>Source Files</Filter>
    </ClCompile>
    <ClCompile Include="$(SrcPath)vtls\curl_darwinssl.c">
      <Filter>Source Files</Filter>
    </ClCompile>
    <ClCompile Include="$(SrcPath)vtls\curl_schannel.c">
      <Filter>Source Files</Filter>
    </ClCompile>
    <ClCompile Include="$(SrcPath)vtls\cyassl.c">
      <Filter>Source Files</Filter>
    </ClCompile>
    <ClCompile Include="$(SrcPath)vtls\gskit.c">
      <Filter>Source Files</Filter>
    </ClCompile>
    <ClCompile Include="$(SrcPath)vtls\gtls.c">
      <Filter>Source Files</Filter>
    </ClCompile>
    <ClCompile Include="$(SrcPath)vtls\nss.c">
      <Filter>Source Files</Filter>
    </ClCompile>
    <ClCompile Include="$(SrcPath)vtls\openssl.c">
      <Filter>Source Files</Filter>
    </ClCompile>
    <ClCompile Include="$(SrcPath)vtls\polarssl.c">
      <Filter>Source Files</Filter>
    </ClCompile>
    <ClCompile Include="$(SrcPath)vtls\polarssl_threadlock.c">
      <Filter>Source Files</Filter>
    </ClCompile>
    <ClCompile Include="$(SrcPath)vtls\qssl.c">
      <Filter>Source Files</Filter>
    </ClCompile>
    <ClCompile Include="$(SrcPath)vtls\vtls.c">
      <Filter>Source Files</Filter>
    </ClCompile>
    <ClCompile Include="$(SrcPath)warnless.c">
      <Filter>Source Files</Filter>
    </ClCompile>
    <ClCompile Include="$(SrcPath)wildcard.c">
      <Filter>Source Files</Filter>
    </ClCompile>
    <ClCompile Include="$(SrcPath)x509asn1.c">
      <Filter>Source Files</Filter>
    </ClCompile>
  </ItemGroup>
  <ItemGroup>
    <ClInclude Include="$(SrcPath)amigaos.h">
      <Filter>Header Files</Filter>
    </ClInclude>
    <ClInclude Include="$(SrcPath)arpa_telnet.h">
      <Filter>Header Files</Filter>
    </ClInclude>
    <ClInclude Include="$(SrcPath)asyn.h">
      <Filter>Header Files</Filter>
    </ClInclude>
    <ClInclude Include="$(SrcPath)bundles.h">
      <Filter>Header Files</Filter>
    </ClInclude>
    <ClInclude Include="$(SrcPath)config-win32.h">
      <Filter>Header Files</Filter>
    </ClInclude>
    <ClInclude Include="$(SrcPath)conncache.h">
      <Filter>Header Files</Filter>
    </ClInclude>
    <ClInclude Include="$(SrcPath)connect.h">
      <Filter>Header Files</Filter>
    </ClInclude>
    <ClInclude Include="$(SrcPath)content_encoding.h">
      <Filter>Header Files</Filter>
    </ClInclude>
    <ClInclude Include="$(SrcPath)cookie.h">
      <Filter>Header Files</Filter>
    </ClInclude>
    <ClInclude Include="$(SrcPath)curl_addrinfo.h">
      <Filter>Header Files</Filter>
    </ClInclude>
    <ClInclude Include="$(SrcPath)curl_base64.h">
      <Filter>Header Files</Filter>
    </ClInclude>
    <ClInclude Include="$(SrcPath)curl_fnmatch.h">
      <Filter>Header Files</Filter>
    </ClInclude>
    <ClInclude Include="$(SrcPath)curl_gethostname.h">
      <Filter>Header Files</Filter>
    </ClInclude>
    <ClInclude Include="$(SrcPath)curl_gssapi.h">
      <Filter>Header Files</Filter>
    </ClInclude>
    <ClInclude Include="$(SrcPath)curl_hmac.h">
      <Filter>Header Files</Filter>
    </ClInclude>
    <ClInclude Include="$(SrcPath)curl_ldap.h">
      <Filter>Header Files</Filter>
    </ClInclude>
    <ClInclude Include="$(SrcPath)curl_md4.h">
      <Filter>Header Files</Filter>
    </ClInclude>
    <ClInclude Include="$(SrcPath)curl_md5.h">
      <Filter>Header Files</Filter>
    </ClInclude>
    <ClInclude Include="$(SrcPath)curl_memory.h">
      <Filter>Header Files</Filter>
    </ClInclude>
    <ClInclude Include="$(SrcPath)curl_memrchr.h">
      <Filter>Header Files</Filter>
    </ClInclude>
    <ClInclude Include="$(SrcPath)curl_multibyte.h">
      <Filter>Header Files</Filter>
    </ClInclude>
    <ClInclude Include="$(SrcPath)curl_ntlm_core.h">
      <Filter>Header Files</Filter>
    </ClInclude>
    <ClInclude Include="$(SrcPath)curl_ntlm.h">
      <Filter>Header Files</Filter>
    </ClInclude>
    <ClInclude Include="$(SrcPath)curl_ntlm_msgs.h">
      <Filter>Header Files</Filter>
    </ClInclude>
    <ClInclude Include="$(SrcPath)curl_ntlm_wb.h">
      <Filter>Header Files</Filter>
    </ClInclude>
    <ClInclude Include="$(SrcPath)curl_rtmp.h">
      <Filter>Header Files</Filter>
    </ClInclude>
    <ClInclude Include="$(SrcPath)curl_sasl.h">
      <Filter>Header Files</Filter>
    </ClInclude>
    <ClInclude Include="$(SrcPath)curl_sec.h">
      <Filter>Header Files</Filter>
    </ClInclude>
    <ClInclude Include="$(SrcPath)curl_setup.h">
      <Filter>Header Files</Filter>
    </ClInclude>
    <ClInclude Include="$(SrcPath)curl_setup_once.h">
      <Filter>Header Files</Filter>
    </ClInclude>
    <ClInclude Include="$(SrcPath)curl_sspi.h">
      <Filter>Header Files</Filter>
    </ClInclude>
    <ClInclude Include="$(SrcPath)curl_threads.h">
      <Filter>Header Files</Filter>
    </ClInclude>
    <ClInclude Include="$(SrcPath)curlx.h">
      <Filter>Header Files</Filter>
    </ClInclude>
    <ClInclude Include="$(SrcPath)dict.h">
      <Filter>Header Files</Filter>
    </ClInclude>
    <ClInclude Include="$(SrcPath)dotdot.h">
      <Filter>Header Files</Filter>
    </ClInclude>
    <ClInclude Include="$(SrcPath)easyif.h">
      <Filter>Header Files</Filter>
    </ClInclude>
    <ClInclude Include="$(SrcPath)escape.h">
      <Filter>Header Files</Filter>
    </ClInclude>
    <ClInclude Include="$(SrcPath)file.h">
      <Filter>Header Files</Filter>
    </ClInclude>
    <ClInclude Include="$(SrcPath)fileinfo.h">
      <Filter>Header Files</Filter>
    </ClInclude>
    <ClInclude Include="$(SrcPath)formdata.h">
      <Filter>Header Files</Filter>
    </ClInclude>
    <ClInclude Include="$(SrcPath)ftp.h">
      <Filter>Header Files</Filter>
    </ClInclude>
    <ClInclude Include="$(SrcPath)ftplistparser.h">
      <Filter>Header Files</Filter>
    </ClInclude>
    <ClInclude Include="$(SrcPath)getinfo.h">
      <Filter>Header Files</Filter>
    </ClInclude>
    <ClInclude Include="$(SrcPath)gopher.h">
      <Filter>Header Files</Filter>
    </ClInclude>
    <ClInclude Include="$(SrcPath)hash.h">
      <Filter>Header Files</Filter>
    </ClInclude>
    <ClInclude Include="$(SrcPath)hostcheck.h">
      <Filter>Header Files</Filter>
    </ClInclude>
    <ClInclude Include="$(SrcPath)hostip.h">
      <Filter>Header Files</Filter>
    </ClInclude>
    <ClInclude Include="$(SrcPath)http2.h">
      <Filter>Header Files</Filter>
    </ClInclude>
    <ClInclude Include="$(SrcPath)http_chunks.h">
      <Filter>Header Files</Filter>
    </ClInclude>
    <ClInclude Include="$(SrcPath)http_digest.h">
      <Filter>Header Files</Filter>
    </ClInclude>
    <ClInclude Include="$(SrcPath)http.h">
      <Filter>Header Files</Filter>
    </ClInclude>
    <ClInclude Include="$(SrcPath)http_negotiate.h">
      <Filter>Header Files</Filter>
    </ClInclude>
    <ClInclude Include="$(SrcPath)http_proxy.h">
      <Filter>Header Files</Filter>
    </ClInclude>
    <ClInclude Include="$(SrcPath)if2ip.h">
      <Filter>Header Files</Filter>
    </ClInclude>
    <ClInclude Include="$(SrcPath)imap.h">
      <Filter>Header Files</Filter>
    </ClInclude>
    <ClInclude Include="$(SrcPath)inet_ntop.h">
      <Filter>Header Files</Filter>
    </ClInclude>
    <ClInclude Include="$(SrcPath)inet_pton.h">
      <Filter>Header Files</Filter>
    </ClInclude>
    <ClInclude Include="$(SrcPath)llist.h">
      <Filter>Header Files</Filter>
    </ClInclude>
    <ClInclude Include="$(SrcPath)memdebug.h">
      <Filter>Header Files</Filter>
    </ClInclude>
    <ClInclude Include="$(SrcPath)multihandle.h">
      <Filter>Header Files</Filter>
    </ClInclude>
    <ClInclude Include="$(SrcPath)multiif.h">
      <Filter>Header Files</Filter>
    </ClInclude>
    <ClInclude Include="$(SrcPath)netrc.h">
      <Filter>Header Files</Filter>
    </ClInclude>
    <ClInclude Include="$(SrcPath)non-ascii.h">
      <Filter>Header Files</Filter>
    </ClInclude>
    <ClInclude Include="$(SrcPath)nonblock.h">
      <Filter>Header Files</Filter>
    </ClInclude>
    <ClInclude Include="$(SrcPath)parsedate.h">
      <Filter>Header Files</Filter>
    </ClInclude>
    <ClInclude Include="$(SrcPath)pingpong.h">
      <Filter>Header Files</Filter>
    </ClInclude>
    <ClInclude Include="$(SrcPath)pipeline.h">
      <Filter>Header Files</Filter>
    </ClInclude>
    <ClInclude Include="$(SrcPath)pop3.h">
      <Filter>Header Files</Filter>
    </ClInclude>
    <ClInclude Include="$(SrcPath)progress.h">
      <Filter>Header Files</Filter>
    </ClInclude>
    <ClInclude Include="$(SrcPath)rawstr.h">
      <Filter>Header Files</Filter>
    </ClInclude>
    <ClInclude Include="$(SrcPath)rtsp.h">
      <Filter>Header Files</Filter>
    </ClInclude>
    <ClInclude Include="$(SrcPath)select.h">
      <Filter>Header Files</Filter>
    </ClInclude>
    <ClInclude Include="$(SrcPath)sendf.h">
      <Filter>Header Files</Filter>
    </ClInclude>
    <ClInclude Include="$(SrcPath)setup-vms.h">
      <Filter>Header Files</Filter>
    </ClInclude>
    <ClInclude Include="$(SrcPath)share.h">
      <Filter>Header Files</Filter>
    </ClInclude>
    <ClInclude Include="$(SrcPath)sigpipe.h">
      <Filter>Header Files</Filter>
    </ClInclude>
    <ClInclude Include="$(SrcPath)slist.h">
      <Filter>Header Files</Filter>
    </ClInclude>
    <ClInclude Include="$(SrcPath)smtp.h">
      <Filter>Header Files</Filter>
    </ClInclude>
    <ClInclude Include="$(SrcPath)sockaddr.h">
      <Filter>Header Files</Filter>
    </ClInclude>
    <ClInclude Include="$(SrcPath)socks.h">
      <Filter>Header Files</Filter>
    </ClInclude>
    <ClInclude Include="$(SrcPath)speedcheck.h">
      <Filter>Header Files</Filter>
    </ClInclude>
    <ClInclude Include="$(SrcPath)splay.h">
      <Filter>Header Files</Filter>
    </ClInclude>
    <ClInclude Include="$(SrcPath)ssh.h">
      <Filter>Header Files</Filter>
    </ClInclude>
    <ClInclude Include="$(SrcPath)strdup.h">
      <Filter>Header Files</Filter>
    </ClInclude>
    <ClInclude Include="$(SrcPath)strequal.h">
      <Filter>Header Files</Filter>
    </ClInclude>
    <ClInclude Include="$(SrcPath)strerror.h">
      <Filter>Header Files</Filter>
    </ClInclude>
    <ClInclude Include="$(SrcPath)strtok.h">
      <Filter>Header Files</Filter>
    </ClInclude>
    <ClInclude Include="$(SrcPath)strtoofft.h">
      <Filter>Header Files</Filter>
    </ClInclude>
    <ClInclude Include="$(SrcPath)telnet.h">
      <Filter>Header Files</Filter>
    </ClInclude>
    <ClInclude Include="$(SrcPath)tftp.h">
      <Filter>Header Files</Filter>
    </ClInclude>
    <ClInclude Include="$(SrcPath)timeval.h">
      <Filter>Header Files</Filter>
    </ClInclude>
    <ClInclude Include="$(SrcPath)transfer.h">
      <Filter>Header Files</Filter>
    </ClInclude>
    <ClInclude Include="$(SrcPath)urldata.h">
      <Filter>Header Files</Filter>
    </ClInclude>
    <ClInclude Include="$(SrcPath)url.h">
      <Filter>Header Files</Filter>
    </ClInclude>
    <ClInclude Include="$(SrcPath)vtls\axtls.h">
      <Filter>Header Files</Filter>
    </ClInclude>
    <ClInclude Include="$(SrcPath)vtls\curl_darwinssl.h">
      <Filter>Header Files</Filter>
    </ClInclude>
    <ClInclude Include="$(SrcPath)vtls\curl_schannel.h">
      <Filter>Header Files</Filter>
    </ClInclude>
    <ClInclude Include="$(SrcPath)vtls\cyassl.h">
      <Filter>Header Files</Filter>
    </ClInclude>
    <ClInclude Include="$(SrcPath)vtls\gskit.h">
      <Filter>Header Files</Filter>
    </ClInclude>
    <ClInclude Include="$(SrcPath)vtls\gtls.h">
      <Filter>Header Files</Filter>
    </ClInclude>
    <ClInclude Include="$(SrcPath)vtls\nssg.h">
      <Filter>Header Files</Filter>
    </ClInclude>
    <ClInclude Include="$(SrcPath)vtls\openssl.h">
      <Filter>Header Files</Filter>
    </ClInclude>
    <ClInclude Include="$(SrcPath)vtls\polarssl.h">
      <Filter>Header Files</Filter>
    </ClInclude>
    <ClInclude Include="$(SrcPath)vtls\polarssl_threadlock.h">
      <Filter>Header Files</Filter>
    </ClInclude>
    <ClInclude Include="$(SrcPath)vtls\qssl.h">
      <Filter>Header Files</Filter>
    </ClInclude>
    <ClInclude Include="$(SrcPath)vtls\vtls.h">
      <Filter>Header Files</Filter>
    </ClInclude>
    <ClInclude Include="$(SrcPath)warnless.h">
      <Filter>Header Files</Filter>
    </ClInclude>
    <ClInclude Include="$(SrcPath)wildcard.h">
      <Filter>Header Files</Filter>
    </ClInclude>
    <ClInclude Include="$(SrcPath)x509asn1.h">
      <Filter>Header Files</Filter>
    </ClInclude>
  </ItemGroup>
  <ItemGroup>
    <ResourceCompile Include="$(SrcPath)libcurl.rc">
      <Filter>Resource Files</Filter>
    </ResourceCompile>
  </ItemGroup>
</Project>